
Microsoft Visual Studio Solution File, Format Version 12.00
# Visual Studio 15
VisualStudioVersion = 15.0.28307.168
MinimumVisualStudioVersion = 10.0.40219.1
Project("{FAE04EC0-301F-11D3-BF4B-00C04F79EFBC}") = "FizzBuzz", "FizzBuzz\FizzBuzz.csproj", "{4A8929BC-2AF3-4B22-A01D-F71192384B18}"
EndProject
Project("{FAE04EC0-301F-11D3-BF4B-00C04F79EFBC}") = "FizzBuzz.Tests", "FizzBuzz.Tests\FizzBuzz.Tests.csproj", "{915DD1BF-332C-4DF4-9C28-99B235F5A8E1}"
EndProject
Global
	GlobalSection(SolutionConfigurationPlatforms) = preSolution
		Debug|Any CPU = Debug|Any CPU
		Release|Any CPU = Release|Any CPU
	EndGlobalSection
	GlobalSection(ProjectConfigurationPlatforms) = postSolution
		{4A8929BC-2AF3-4B22-A01D-F71192384B18}.Debug|Any CPU.ActiveCfg = Debug|Any CPU
		{4A8929BC-2AF3-4B22-A01D-F71192384B18}.Debug|Any CPU.Build.0 = Debug|Any CPU
		{4A8929BC-2AF3-4B22-A01D-F71192384B18}.Release|Any CPU.ActiveCfg = Release|Any CPU
		{4A8929BC-2AF3-4B22-A01D-F71192384B18}.Release|Any CPU.Build.0 = Release|Any CPU
		{915DD1BF-332C-4DF4-9C28-99B235F5A8E1}.Debug|Any CPU.ActiveCfg = Debug|Any CPU
		{915DD1BF-332C-4DF4-9C28-99B235F5A8E1}.Debug|Any CPU.Build.0 = Debug|Any CPU
		{915DD1BF-332C-4DF4-9C28-99B235F5A8E1}.Release|Any CPU.ActiveCfg = Release|Any CPU
		{915DD1BF-332C-4DF4-9C28-99B235F5A8E1}.Release|Any CPU.Build.0 = Release|Any CPU
	EndGlobalSection
	GlobalSection(SolutionProperties) = preSolution
		HideSolutionNode = FALSE
	EndGlobalSection
	GlobalSection(ExtensibilityGlobals) = postSolution
		SolutionGuid = {0B285672-E902-4356-9E0C-2EF8F002823D}
	EndGlobalSection
EndGlobal
