
Microsoft Visual Studio Solution File, Format Version 12.00
# Visual Studio 15
VisualStudioVersion = 15.0.28307.168
MinimumVisualStudioVersion = 10.0.40219.1
Project("{FAE04EC0-301F-11D3-BF4B-00C04F79EFBC}") = "AutomaticLightSwitcher", "AutomaticLightSwitcher\AutomaticLightSwitcher.csproj", "{E3DFA37D-4C36-4FF9-8B32-E5D262481997}"
EndProject
Global
	GlobalSection(SolutionConfigurationPlatforms) = preSolution
		Debug|Any CPU = Debug|Any CPU
		Release|Any CPU = Release|Any CPU
	EndGlobalSection
	GlobalSection(ProjectConfigurationPlatforms) = postSolution
		{E3DFA37D-4C36-4FF9-8B32-E5D262481997}.Debug|Any CPU.ActiveCfg = Debug|Any CPU
		{E3DFA37D-4C36-4FF9-8B32-E5D262481997}.Debug|Any CPU.Build.0 = Debug|Any CPU
		{E3DFA37D-4C36-4FF9-8B32-E5D262481997}.Release|Any CPU.ActiveCfg = Release|Any CPU
		{E3DFA37D-4C36-4FF9-8B32-E5D262481997}.Release|Any CPU.Build.0 = Release|Any CPU
	EndGlobalSection
	GlobalSection(SolutionProperties) = preSolution
		HideSolutionNode = FALSE
	EndGlobalSection
	GlobalSection(ExtensibilityGlobals) = postSolution
		SolutionGuid = {9F521646-E180-4AAA-8970-384F353FE592}
	EndGlobalSection
EndGlobal
