
Microsoft Visual Studio Solution File, Format Version 12.00
# Visual Studio 15
VisualStudioVersion = 15.0.28307.168
MinimumVisualStudioVersion = 10.0.40219.1
Project("{9A19103F-16F7-4668-BE54-9A1E7A4F7556}") = "TestingLegacyCode.ConsoleApp", "TestingLegacyCode.ConsoleApp\TestingLegacyCode.ConsoleApp.csproj", "{D3620045-75D0-4CA0-B05B-FD7AFF7E2FE7}"
EndProject
Project("{9A19103F-16F7-4668-BE54-9A1E7A4F7556}") = "TestingLegacyCode", "TestingLegacyCode\TestingLegacyCode.csproj", "{91A360AE-3F24-474C-A056-E6CC5CC3A419}"
EndProject
Global
	GlobalSection(SolutionConfigurationPlatforms) = preSolution
		Debug|Any CPU = Debug|Any CPU
		Release|Any CPU = Release|Any CPU
	EndGlobalSection
	GlobalSection(ProjectConfigurationPlatforms) = postSolution
		{D3620045-75D0-4CA0-B05B-FD7AFF7E2FE7}.Debug|Any CPU.ActiveCfg = Debug|Any CPU
		{D3620045-75D0-4CA0-B05B-FD7AFF7E2FE7}.Debug|Any CPU.Build.0 = Debug|Any CPU
		{D3620045-75D0-4CA0-B05B-FD7AFF7E2FE7}.Release|Any CPU.ActiveCfg = Release|Any CPU
		{D3620045-75D0-4CA0-B05B-FD7AFF7E2FE7}.Release|Any CPU.Build.0 = Release|Any CPU
		{91A360AE-3F24-474C-A056-E6CC5CC3A419}.Debug|Any CPU.ActiveCfg = Debug|Any CPU
		{91A360AE-3F24-474C-A056-E6CC5CC3A419}.Debug|Any CPU.Build.0 = Debug|Any CPU
		{91A360AE-3F24-474C-A056-E6CC5CC3A419}.Release|Any CPU.ActiveCfg = Release|Any CPU
		{91A360AE-3F24-474C-A056-E6CC5CC3A419}.Release|Any CPU.Build.0 = Release|Any CPU
	EndGlobalSection
	GlobalSection(SolutionProperties) = preSolution
		HideSolutionNode = FALSE
	EndGlobalSection
	GlobalSection(ExtensibilityGlobals) = postSolution
		SolutionGuid = {49FE642F-E0F1-490E-A274-A6D1B988E979}
	EndGlobalSection
EndGlobal
