
Microsoft Visual Studio Solution File, Format Version 12.00
# Visual Studio 15
VisualStudioVersion = 15.0.28307.168
MinimumVisualStudioVersion = 10.0.40219.1
Project("{FAE04EC0-301F-11D3-BF4B-00C04F79EFBC}") = "TestingLegacyCode", "TestingLegacyCode\TestingLegacyCode.csproj", "{69BEA480-100A-4155-8500-932EAF3B6077}"
EndProject
Project("{FAE04EC0-301F-11D3-BF4B-00C04F79EFBC}") = "TestingLegacyCode.ConsoleApp", "TestingLegacyCode.Tests\TestingLegacyCode.ConsoleApp.csproj", "{241AD943-B899-4DDA-83C9-C61DD82944E4}"
EndProject
Global
	GlobalSection(SolutionConfigurationPlatforms) = preSolution
		Debug|Any CPU = Debug|Any CPU
		Release|Any CPU = Release|Any CPU
	EndGlobalSection
	GlobalSection(ProjectConfigurationPlatforms) = postSolution
		{69BEA480-100A-4155-8500-932EAF3B6077}.Debug|Any CPU.ActiveCfg = Debug|Any CPU
		{69BEA480-100A-4155-8500-932EAF3B6077}.Debug|Any CPU.Build.0 = Debug|Any CPU
		{69BEA480-100A-4155-8500-932EAF3B6077}.Release|Any CPU.ActiveCfg = Release|Any CPU
		{69BEA480-100A-4155-8500-932EAF3B6077}.Release|Any CPU.Build.0 = Release|Any CPU
		{241AD943-B899-4DDA-83C9-C61DD82944E4}.Debug|Any CPU.ActiveCfg = Debug|Any CPU
		{241AD943-B899-4DDA-83C9-C61DD82944E4}.Debug|Any CPU.Build.0 = Debug|Any CPU
		{241AD943-B899-4DDA-83C9-C61DD82944E4}.Release|Any CPU.ActiveCfg = Release|Any CPU
		{241AD943-B899-4DDA-83C9-C61DD82944E4}.Release|Any CPU.Build.0 = Release|Any CPU
	EndGlobalSection
	GlobalSection(SolutionProperties) = preSolution
		HideSolutionNode = FALSE
	EndGlobalSection
	GlobalSection(ExtensibilityGlobals) = postSolution
		SolutionGuid = {3B5D908D-5C7F-4AF4-A0A1-FAFEDD2C33B5}
	EndGlobalSection
EndGlobal
