
Microsoft Visual Studio Solution File, Format Version 12.00
# Visual Studio 15
VisualStudioVersion = 15.0.28307.168
MinimumVisualStudioVersion = 10.0.40219.1
Project("{FAE04EC0-301F-11D3-BF4B-00C04F79EFBC}") = "MorseCodeDecoder", "MorseCodeDecoder\MorseCodeDecoder.csproj", "{7E65CC0C-7B18-4C08-B8B2-2068308473CF}"
EndProject
Project("{FAE04EC0-301F-11D3-BF4B-00C04F79EFBC}") = "MorseCodeDecoder.Tests", "MorseCodeDecoder.Tests\MorseCodeDecoder.Tests.csproj", "{B60C8AC9-2517-47BF-9231-D2E0153BC70C}"
EndProject
Global
	GlobalSection(SolutionConfigurationPlatforms) = preSolution
		Debug|Any CPU = Debug|Any CPU
		Release|Any CPU = Release|Any CPU
	EndGlobalSection
	GlobalSection(ProjectConfigurationPlatforms) = postSolution
		{7E65CC0C-7B18-4C08-B8B2-2068308473CF}.Debug|Any CPU.ActiveCfg = Debug|Any CPU
		{7E65CC0C-7B18-4C08-B8B2-2068308473CF}.Debug|Any CPU.Build.0 = Debug|Any CPU
		{7E65CC0C-7B18-4C08-B8B2-2068308473CF}.Release|Any CPU.ActiveCfg = Release|Any CPU
		{7E65CC0C-7B18-4C08-B8B2-2068308473CF}.Release|Any CPU.Build.0 = Release|Any CPU
		{B60C8AC9-2517-47BF-9231-D2E0153BC70C}.Debug|Any CPU.ActiveCfg = Debug|Any CPU
		{B60C8AC9-2517-47BF-9231-D2E0153BC70C}.Debug|Any CPU.Build.0 = Debug|Any CPU
		{B60C8AC9-2517-47BF-9231-D2E0153BC70C}.Release|Any CPU.ActiveCfg = Release|Any CPU
		{B60C8AC9-2517-47BF-9231-D2E0153BC70C}.Release|Any CPU.Build.0 = Release|Any CPU
	EndGlobalSection
	GlobalSection(SolutionProperties) = preSolution
		HideSolutionNode = FALSE
	EndGlobalSection
	GlobalSection(ExtensibilityGlobals) = postSolution
		SolutionGuid = {3A80135C-14EF-436D-93E6-DFC796A35650}
	EndGlobalSection
EndGlobal
