
Microsoft Visual Studio Solution File, Format Version 12.00
# Visual Studio 15
VisualStudioVersion = 15.0.28307.168
MinimumVisualStudioVersion = 10.0.40219.1
Project("{FAE04EC0-301F-11D3-BF4B-00C04F79EFBC}") = "MySuperDuperWinFormApplication", "MySuperDuperWinFormApplication\MySuperDuperWinFormApplication.csproj", "{45BE706E-61F1-4DDB-BCE9-7BB91DC671E4}"
EndProject
Project("{FAE04EC0-301F-11D3-BF4B-00C04F79EFBC}") = "UITests.White", "UITests.White\UITests.White.csproj", "{B973C82B-C1B4-4D0B-A5DE-6D8F7424BF9D}"
EndProject
Project("{FAE04EC0-301F-11D3-BF4B-00C04F79EFBC}") = "UITests.WinAppDriver", "UITests.WinAppDriver\UITests.WinAppDriver.csproj", "{DF18A3BD-98FC-44DD-8E1E-BBBC5BA5214C}"
EndProject
Project("{FAE04EC0-301F-11D3-BF4B-00C04F79EFBC}") = "MySuperDuperWpfApplication", "MySuperDuperWpfApplication\MySuperDuperWpfApplication.csproj", "{25BA11F3-13EE-481D-B921-8527F79DD3B6}"
EndProject
Project("{FAE04EC0-301F-11D3-BF4B-00C04F79EFBC}") = "MySuperDuperWpfApplication.UITests.White", "MySuperDuperWpfApplication.UITests.White\MySuperDuperWpfApplication.UITests.White.csproj", "{5AD9D7D3-B855-4C98-B953-353C41B903EB}"
EndProject
Global
	GlobalSection(SolutionConfigurationPlatforms) = preSolution
		Debug|Any CPU = Debug|Any CPU
		Release|Any CPU = Release|Any CPU
	EndGlobalSection
	GlobalSection(ProjectConfigurationPlatforms) = postSolution
		{45BE706E-61F1-4DDB-BCE9-7BB91DC671E4}.Debug|Any CPU.ActiveCfg = Debug|Any CPU
		{45BE706E-61F1-4DDB-BCE9-7BB91DC671E4}.Debug|Any CPU.Build.0 = Debug|Any CPU
		{45BE706E-61F1-4DDB-BCE9-7BB91DC671E4}.Release|Any CPU.ActiveCfg = Release|Any CPU
		{45BE706E-61F1-4DDB-BCE9-7BB91DC671E4}.Release|Any CPU.Build.0 = Release|Any CPU
		{B973C82B-C1B4-4D0B-A5DE-6D8F7424BF9D}.Debug|Any CPU.ActiveCfg = Debug|Any CPU
		{B973C82B-C1B4-4D0B-A5DE-6D8F7424BF9D}.Debug|Any CPU.Build.0 = Debug|Any CPU
		{B973C82B-C1B4-4D0B-A5DE-6D8F7424BF9D}.Release|Any CPU.ActiveCfg = Release|Any CPU
		{B973C82B-C1B4-4D0B-A5DE-6D8F7424BF9D}.Release|Any CPU.Build.0 = Release|Any CPU
		{DF18A3BD-98FC-44DD-8E1E-BBBC5BA5214C}.Debug|Any CPU.ActiveCfg = Debug|Any CPU
		{DF18A3BD-98FC-44DD-8E1E-BBBC5BA5214C}.Debug|Any CPU.Build.0 = Debug|Any CPU
		{DF18A3BD-98FC-44DD-8E1E-BBBC5BA5214C}.Release|Any CPU.ActiveCfg = Release|Any CPU
		{DF18A3BD-98FC-44DD-8E1E-BBBC5BA5214C}.Release|Any CPU.Build.0 = Release|Any CPU
		{25BA11F3-13EE-481D-B921-8527F79DD3B6}.Debug|Any CPU.ActiveCfg = Debug|Any CPU
		{25BA11F3-13EE-481D-B921-8527F79DD3B6}.Debug|Any CPU.Build.0 = Debug|Any CPU
		{25BA11F3-13EE-481D-B921-8527F79DD3B6}.Release|Any CPU.ActiveCfg = Release|Any CPU
		{25BA11F3-13EE-481D-B921-8527F79DD3B6}.Release|Any CPU.Build.0 = Release|Any CPU
		{5AD9D7D3-B855-4C98-B953-353C41B903EB}.Debug|Any CPU.ActiveCfg = Debug|Any CPU
		{5AD9D7D3-B855-4C98-B953-353C41B903EB}.Debug|Any CPU.Build.0 = Debug|Any CPU
		{5AD9D7D3-B855-4C98-B953-353C41B903EB}.Release|Any CPU.ActiveCfg = Release|Any CPU
		{5AD9D7D3-B855-4C98-B953-353C41B903EB}.Release|Any CPU.Build.0 = Release|Any CPU
	EndGlobalSection
	GlobalSection(SolutionProperties) = preSolution
		HideSolutionNode = FALSE
	EndGlobalSection
	GlobalSection(ExtensibilityGlobals) = postSolution
		SolutionGuid = {8B280B28-6728-41A4-95CE-B22F41E11B94}
	EndGlobalSection
EndGlobal
